
Microsoft Visual Studio Solution File, Format Version 12.00
# Visual Studio Version 16
VisualStudioVersion = 16.0.30611.23
MinimumVisualStudioVersion = 10.0.40219.1
Project("{FAE04EC0-301F-11D3-BF4B-00C04F79EFBC}") = "CityInfoAPI", "CityInfoAPI\CityInfoAPI.csproj", "{C55E4F33-FAA4-4681-8B77-53AA1CA1A32F}"
EndProject
Global
	GlobalSection(SolutionConfigurationPlatforms) = preSolution
		Debug|Any CPU = Debug|Any CPU
		Release|Any CPU = Release|Any CPU
	EndGlobalSection
	GlobalSection(ProjectConfigurationPlatforms) = postSolution
		{C55E4F33-FAA4-4681-8B77-53AA1CA1A32F}.Debug|Any CPU.ActiveCfg = Debug|Any CPU
		{C55E4F33-FAA4-4681-8B77-53AA1CA1A32F}.Debug|Any CPU.Build.0 = Debug|Any CPU
		{C55E4F33-FAA4-4681-8B77-53AA1CA1A32F}.Release|Any CPU.ActiveCfg = Release|Any CPU
		{C55E4F33-FAA4-4681-8B77-53AA1CA1A32F}.Release|Any CPU.Build.0 = Release|Any CPU
	EndGlobalSection
	GlobalSection(SolutionProperties) = preSolution
		HideSolutionNode = FALSE
	EndGlobalSection
	GlobalSection(ExtensibilityGlobals) = postSolution
		SolutionGuid = {58106CBA-C220-4499-910D-643DB3375FE2}
	EndGlobalSection
EndGlobal
