
Microsoft Visual Studio Solution File, Format Version 12.00
# Visual Studio Version 16
VisualStudioVersion = 16.0.30611.23
MinimumVisualStudioVersion = 10.0.40219.1
Project("{FAE04EC0-301F-11D3-BF4B-00C04F79EFBC}") = "DataLayer", "DataLayer\DataLayer.csproj", "{4D32CD4C-5298-4E62-B1A3-FEC8BF18AF18}"
EndProject
Project("{FAE04EC0-301F-11D3-BF4B-00C04F79EFBC}") = "DataAccessLayer", "DataAccessLayer\DataAccessLayer.csproj", "{2506FAC4-29E5-4F26-B09D-D96B8BEC7545}"
EndProject
Project("{FAE04EC0-301F-11D3-BF4B-00C04F79EFBC}") = "BusinessLogicLayer", "BusinessLogicLayer\BusinessLogicLayer.csproj", "{02FAE266-DC7B-4DDD-BC24-C05AAFFA446E}"
EndProject
Project("{FAE04EC0-301F-11D3-BF4B-00C04F79EFBC}") = "PresentationLayer", "PresentationLayer\PresentationLayer.csproj", "{29671A94-4DCC-4934-93F7-30E12A67F90C}"
EndProject
Global
	GlobalSection(SolutionConfigurationPlatforms) = preSolution
		Debug|Any CPU = Debug|Any CPU
		Release|Any CPU = Release|Any CPU
	EndGlobalSection
	GlobalSection(ProjectConfigurationPlatforms) = postSolution
		{4D32CD4C-5298-4E62-B1A3-FEC8BF18AF18}.Debug|Any CPU.ActiveCfg = Debug|Any CPU
		{4D32CD4C-5298-4E62-B1A3-FEC8BF18AF18}.Debug|Any CPU.Build.0 = Debug|Any CPU
		{4D32CD4C-5298-4E62-B1A3-FEC8BF18AF18}.Release|Any CPU.ActiveCfg = Release|Any CPU
		{4D32CD4C-5298-4E62-B1A3-FEC8BF18AF18}.Release|Any CPU.Build.0 = Release|Any CPU
		{2506FAC4-29E5-4F26-B09D-D96B8BEC7545}.Debug|Any CPU.ActiveCfg = Debug|Any CPU
		{2506FAC4-29E5-4F26-B09D-D96B8BEC7545}.Debug|Any CPU.Build.0 = Debug|Any CPU
		{2506FAC4-29E5-4F26-B09D-D96B8BEC7545}.Release|Any CPU.ActiveCfg = Release|Any CPU
		{2506FAC4-29E5-4F26-B09D-D96B8BEC7545}.Release|Any CPU.Build.0 = Release|Any CPU
		{02FAE266-DC7B-4DDD-BC24-C05AAFFA446E}.Debug|Any CPU.ActiveCfg = Debug|Any CPU
		{02FAE266-DC7B-4DDD-BC24-C05AAFFA446E}.Debug|Any CPU.Build.0 = Debug|Any CPU
		{02FAE266-DC7B-4DDD-BC24-C05AAFFA446E}.Release|Any CPU.ActiveCfg = Release|Any CPU
		{02FAE266-DC7B-4DDD-BC24-C05AAFFA446E}.Release|Any CPU.Build.0 = Release|Any CPU
		{29671A94-4DCC-4934-93F7-30E12A67F90C}.Debug|Any CPU.ActiveCfg = Debug|Any CPU
		{29671A94-4DCC-4934-93F7-30E12A67F90C}.Debug|Any CPU.Build.0 = Debug|Any CPU
		{29671A94-4DCC-4934-93F7-30E12A67F90C}.Release|Any CPU.ActiveCfg = Release|Any CPU
		{29671A94-4DCC-4934-93F7-30E12A67F90C}.Release|Any CPU.Build.0 = Release|Any CPU
	EndGlobalSection
	GlobalSection(SolutionProperties) = preSolution
		HideSolutionNode = FALSE
	EndGlobalSection
	GlobalSection(ExtensibilityGlobals) = postSolution
		SolutionGuid = {0A27674F-8FFB-481E-A2A8-FDB7264CCF33}
	EndGlobalSection
EndGlobal
