
Microsoft Visual Studio Solution File, Format Version 12.00
# Visual Studio Version 16
VisualStudioVersion = 16.0.30611.23
MinimumVisualStudioVersion = 10.0.40219.1
Project("{FAE04EC0-301F-11D3-BF4B-00C04F79EFBC}") = "UILayer", "UILayer\UILayer.csproj", "{BC1DEAEC-D081-460D-BE4C-D803B978F936}"
EndProject
Project("{FAE04EC0-301F-11D3-BF4B-00C04F79EFBC}") = "BusinessLogicLayer", "BusinessLogicLayer\BusinessLogicLayer.csproj", "{59A5060E-8C6C-4578-9BBF-7852CF44929F}"
EndProject
Project("{FAE04EC0-301F-11D3-BF4B-00C04F79EFBC}") = "DataAccessLayer", "DataAccessLayer\DataAccessLayer.csproj", "{EF7C0575-12C4-4E8C-A228-4E3FE144194E}"
EndProject
Project("{FAE04EC0-301F-11D3-BF4B-00C04F79EFBC}") = "DataLayer", "DataLayer\DataLayer.csproj", "{9AE0FCA1-0980-406A-8998-73F984344CE0}"
EndProject
Global
	GlobalSection(SolutionConfigurationPlatforms) = preSolution
		Debug|Any CPU = Debug|Any CPU
		Release|Any CPU = Release|Any CPU
	EndGlobalSection
	GlobalSection(ProjectConfigurationPlatforms) = postSolution
		{BC1DEAEC-D081-460D-BE4C-D803B978F936}.Debug|Any CPU.ActiveCfg = Debug|Any CPU
		{BC1DEAEC-D081-460D-BE4C-D803B978F936}.Debug|Any CPU.Build.0 = Debug|Any CPU
		{BC1DEAEC-D081-460D-BE4C-D803B978F936}.Release|Any CPU.ActiveCfg = Release|Any CPU
		{BC1DEAEC-D081-460D-BE4C-D803B978F936}.Release|Any CPU.Build.0 = Release|Any CPU
		{59A5060E-8C6C-4578-9BBF-7852CF44929F}.Debug|Any CPU.ActiveCfg = Debug|Any CPU
		{59A5060E-8C6C-4578-9BBF-7852CF44929F}.Debug|Any CPU.Build.0 = Debug|Any CPU
		{59A5060E-8C6C-4578-9BBF-7852CF44929F}.Release|Any CPU.ActiveCfg = Release|Any CPU
		{59A5060E-8C6C-4578-9BBF-7852CF44929F}.Release|Any CPU.Build.0 = Release|Any CPU
		{EF7C0575-12C4-4E8C-A228-4E3FE144194E}.Debug|Any CPU.ActiveCfg = Debug|Any CPU
		{EF7C0575-12C4-4E8C-A228-4E3FE144194E}.Debug|Any CPU.Build.0 = Debug|Any CPU
		{EF7C0575-12C4-4E8C-A228-4E3FE144194E}.Release|Any CPU.ActiveCfg = Release|Any CPU
		{EF7C0575-12C4-4E8C-A228-4E3FE144194E}.Release|Any CPU.Build.0 = Release|Any CPU
		{9AE0FCA1-0980-406A-8998-73F984344CE0}.Debug|Any CPU.ActiveCfg = Debug|Any CPU
		{9AE0FCA1-0980-406A-8998-73F984344CE0}.Debug|Any CPU.Build.0 = Debug|Any CPU
		{9AE0FCA1-0980-406A-8998-73F984344CE0}.Release|Any CPU.ActiveCfg = Release|Any CPU
		{9AE0FCA1-0980-406A-8998-73F984344CE0}.Release|Any CPU.Build.0 = Release|Any CPU
	EndGlobalSection
	GlobalSection(SolutionProperties) = preSolution
		HideSolutionNode = FALSE
	EndGlobalSection
	GlobalSection(ExtensibilityGlobals) = postSolution
		SolutionGuid = {002A6B30-C8F1-45EA-8EA7-6069E7D65A73}
	EndGlobalSection
EndGlobal
