
Microsoft Visual Studio Solution File, Format Version 12.00
# Visual Studio Version 16
VisualStudioVersion = 16.0.30621.155
MinimumVisualStudioVersion = 10.0.40219.1
Project("{FAE04EC0-301F-11D3-BF4B-00C04F79EFBC}") = "C(Sharp-Work)Day-1", "C(Sharp-Work)Day-1\C(Sharp-Work)Day-1.csproj", "{5B14B7B5-E674-41D7-B401-9E12A238DAA7}"
EndProject
Global
	GlobalSection(SolutionConfigurationPlatforms) = preSolution
		Debug|Any CPU = Debug|Any CPU
		Release|Any CPU = Release|Any CPU
	EndGlobalSection
	GlobalSection(ProjectConfigurationPlatforms) = postSolution
		{5B14B7B5-E674-41D7-B401-9E12A238DAA7}.Debug|Any CPU.ActiveCfg = Debug|Any CPU
		{5B14B7B5-E674-41D7-B401-9E12A238DAA7}.Debug|Any CPU.Build.0 = Debug|Any CPU
		{5B14B7B5-E674-41D7-B401-9E12A238DAA7}.Release|Any CPU.ActiveCfg = Release|Any CPU
		{5B14B7B5-E674-41D7-B401-9E12A238DAA7}.Release|Any CPU.Build.0 = Release|Any CPU
	EndGlobalSection
	GlobalSection(SolutionProperties) = preSolution
		HideSolutionNode = FALSE
	EndGlobalSection
	GlobalSection(ExtensibilityGlobals) = postSolution
		SolutionGuid = {C6C03D7B-C763-4F95-9C9D-8AF496B6FF24}
	EndGlobalSection
EndGlobal
