
Microsoft Visual Studio Solution File, Format Version 12.00
# Visual Studio Version 16
VisualStudioVersion = 16.0.30011.22
MinimumVisualStudioVersion = 10.0.40219.1
Project("{F184B08F-C81C-45F6-A57F-5ABD9991F28F}") = "SwapnaPlus", "SwapnaPlus\SwapnaPlus.vbproj", "{C545B33B-D779-4FA3-80A5-800802F734DE}"
EndProject
Global
	GlobalSection(SolutionConfigurationPlatforms) = preSolution
		Debug|Any CPU = Debug|Any CPU
		Release|Any CPU = Release|Any CPU
	EndGlobalSection
	GlobalSection(ProjectConfigurationPlatforms) = postSolution
		{C545B33B-D779-4FA3-80A5-800802F734DE}.Debug|Any CPU.ActiveCfg = Debug|Any CPU
		{C545B33B-D779-4FA3-80A5-800802F734DE}.Debug|Any CPU.Build.0 = Debug|Any CPU
		{C545B33B-D779-4FA3-80A5-800802F734DE}.Release|Any CPU.ActiveCfg = Release|Any CPU
		{C545B33B-D779-4FA3-80A5-800802F734DE}.Release|Any CPU.Build.0 = Release|Any CPU
	EndGlobalSection
	GlobalSection(SolutionProperties) = preSolution
		HideSolutionNode = FALSE
	EndGlobalSection
	GlobalSection(ExtensibilityGlobals) = postSolution
		SolutionGuid = {EDF3BEC4-0510-4C3C-9443-C69FF71DE82C}
	EndGlobalSection
EndGlobal
