
Microsoft Visual Studio Solution File, Format Version 12.00
# Visual Studio Version 16
VisualStudioVersion = 16.0.30611.23
MinimumVisualStudioVersion = 10.0.40219.1
Project("{9A19103F-16F7-4668-BE54-9A1E7A4F7556}") = "ASP.NET Core Fundamentals", "ASP.NET Core Fundamentals\ASP.NET Core Fundamentals.csproj", "{E85FA140-3988-4151-9DEF-6D09C2E83C83}"
EndProject
Project("{9A19103F-16F7-4668-BE54-9A1E7A4F7556}") = "DevilDev.Core", "DevilDev.Core\DevilDev.Core.csproj", "{4C04F004-0E35-47EB-A478-2D3CE630BDAE}"
EndProject
Project("{9A19103F-16F7-4668-BE54-9A1E7A4F7556}") = "DevilDev.Data", "DevilDev.Data\DevilDev.Data.csproj", "{BA26B269-9993-4D1F-9B0C-2DE2F8B65A7E}"
EndProject
Global
	GlobalSection(SolutionConfigurationPlatforms) = preSolution
		Debug|Any CPU = Debug|Any CPU
		Release|Any CPU = Release|Any CPU
	EndGlobalSection
	GlobalSection(ProjectConfigurationPlatforms) = postSolution
		{E85FA140-3988-4151-9DEF-6D09C2E83C83}.Debug|Any CPU.ActiveCfg = Debug|Any CPU
		{E85FA140-3988-4151-9DEF-6D09C2E83C83}.Debug|Any CPU.Build.0 = Debug|Any CPU
		{E85FA140-3988-4151-9DEF-6D09C2E83C83}.Release|Any CPU.ActiveCfg = Release|Any CPU
		{E85FA140-3988-4151-9DEF-6D09C2E83C83}.Release|Any CPU.Build.0 = Release|Any CPU
		{4C04F004-0E35-47EB-A478-2D3CE630BDAE}.Debug|Any CPU.ActiveCfg = Debug|Any CPU
		{4C04F004-0E35-47EB-A478-2D3CE630BDAE}.Debug|Any CPU.Build.0 = Debug|Any CPU
		{4C04F004-0E35-47EB-A478-2D3CE630BDAE}.Release|Any CPU.ActiveCfg = Release|Any CPU
		{4C04F004-0E35-47EB-A478-2D3CE630BDAE}.Release|Any CPU.Build.0 = Release|Any CPU
		{BA26B269-9993-4D1F-9B0C-2DE2F8B65A7E}.Debug|Any CPU.ActiveCfg = Debug|Any CPU
		{BA26B269-9993-4D1F-9B0C-2DE2F8B65A7E}.Debug|Any CPU.Build.0 = Debug|Any CPU
		{BA26B269-9993-4D1F-9B0C-2DE2F8B65A7E}.Release|Any CPU.ActiveCfg = Release|Any CPU
		{BA26B269-9993-4D1F-9B0C-2DE2F8B65A7E}.Release|Any CPU.Build.0 = Release|Any CPU
	EndGlobalSection
	GlobalSection(SolutionProperties) = preSolution
		HideSolutionNode = FALSE
	EndGlobalSection
	GlobalSection(ExtensibilityGlobals) = postSolution
		SolutionGuid = {2FA245E1-2692-4F0A-BCD0-C14053B96B9B}
	EndGlobalSection
EndGlobal
