
Microsoft Visual Studio Solution File, Format Version 12.00
# Visual Studio Version 16
VisualStudioVersion = 16.0.30611.23
MinimumVisualStudioVersion = 10.0.40219.1
Project("{FAE04EC0-301F-11D3-BF4B-00C04F79EFBC}") = "ALLMVC", "ALLMVC\ALLMVC.csproj", "{74CE5C1E-39C4-4715-8262-E33A5011E414}"
EndProject
Global
	GlobalSection(SolutionConfigurationPlatforms) = preSolution
		Debug|Any CPU = Debug|Any CPU
		Release|Any CPU = Release|Any CPU
	EndGlobalSection
	GlobalSection(ProjectConfigurationPlatforms) = postSolution
		{74CE5C1E-39C4-4715-8262-E33A5011E414}.Debug|Any CPU.ActiveCfg = Debug|Any CPU
		{74CE5C1E-39C4-4715-8262-E33A5011E414}.Debug|Any CPU.Build.0 = Debug|Any CPU
		{74CE5C1E-39C4-4715-8262-E33A5011E414}.Release|Any CPU.ActiveCfg = Release|Any CPU
		{74CE5C1E-39C4-4715-8262-E33A5011E414}.Release|Any CPU.Build.0 = Release|Any CPU
	EndGlobalSection
	GlobalSection(SolutionProperties) = preSolution
		HideSolutionNode = FALSE
	EndGlobalSection
	GlobalSection(ExtensibilityGlobals) = postSolution
		SolutionGuid = {70554637-E8EF-4416-93CC-1887E7669F3F}
	EndGlobalSection
EndGlobal
