
Microsoft Visual Studio Solution File, Format Version 12.00
# Visual Studio Version 16
VisualStudioVersion = 16.0.30011.22
MinimumVisualStudioVersion = 10.0.40219.1
Project("{FAE04EC0-301F-11D3-BF4B-00C04F79EFBC}") = "C(Sharp)-5", "C(Sharp)-5\C(Sharp)-5.csproj", "{A6C74EAF-F32A-48CF-987E-DB76E4A152BA}"
EndProject
Global
	GlobalSection(SolutionConfigurationPlatforms) = preSolution
		Debug|Any CPU = Debug|Any CPU
		Release|Any CPU = Release|Any CPU
	EndGlobalSection
	GlobalSection(ProjectConfigurationPlatforms) = postSolution
		{A6C74EAF-F32A-48CF-987E-DB76E4A152BA}.Debug|Any CPU.ActiveCfg = Debug|Any CPU
		{A6C74EAF-F32A-48CF-987E-DB76E4A152BA}.Debug|Any CPU.Build.0 = Debug|Any CPU
		{A6C74EAF-F32A-48CF-987E-DB76E4A152BA}.Release|Any CPU.ActiveCfg = Release|Any CPU
		{A6C74EAF-F32A-48CF-987E-DB76E4A152BA}.Release|Any CPU.Build.0 = Release|Any CPU
	EndGlobalSection
	GlobalSection(SolutionProperties) = preSolution
		HideSolutionNode = FALSE
	EndGlobalSection
	GlobalSection(ExtensibilityGlobals) = postSolution
		SolutionGuid = {A93FC538-2814-41ED-B854-A6C924B26E92}
	EndGlobalSection
EndGlobal
